{
  "name": "bachelor",
  "lockfileVersion": 3,
  "requires": true,
  "packages": {
    "": {
      "dependencies": {
        "searchbar": "^0.0.0"
      }
    },
    "node_modules/searchbar": {
      "version": "0.0.0",
      "resolved": "https://registry.npmjs.org/searchbar/-/searchbar-0.0.0.tgz",
      "integrity": "sha512-k3+qG5aIe7Wi0OBmepyAOzAnya0mEFFBFHX4bhwM1ARcHqAea+vBcnU29s+NS0NIoVqheuyoFNXIwWOpLjyq/w=="
    }
  }
}
